
Microsoft Visual Studio Solution File, Format Version 12.00
# Visual Studio Version 16
VisualStudioVersion = 16.0.32126.315
MinimumVisualStudioVersion = 10.0.40219.1
Project("{FAE04EC0-301F-11D3-BF4B-00C04F79EFBC}") = "ParentElement", "ParentElement\ParentElement.csproj", "{1BE434FB-D679-41FA-B724-86E54316D383}"
EndProject
Global
	GlobalSection(SolutionConfigurationPlatforms) = preSolution
		Debug|Any CPU = Debug|Any CPU
		Release|Any CPU = Release|Any CPU
	EndGlobalSection
	GlobalSection(ProjectConfigurationPlatforms) = postSolution
		{1BE434FB-D679-41FA-B724-86E54316D383}.Debug|Any CPU.ActiveCfg = Debug|Any CPU
		{1BE434FB-D679-41FA-B724-86E54316D383}.Debug|Any CPU.Build.0 = Debug|Any CPU
		{1BE434FB-D679-41FA-B724-86E54316D383}.Release|Any CPU.ActiveCfg = Release|Any CPU
		{1BE434FB-D679-41FA-B724-86E54316D383}.Release|Any CPU.Build.0 = Release|Any CPU
	EndGlobalSection
	GlobalSection(SolutionProperties) = preSolution
		HideSolutionNode = FALSE
	EndGlobalSection
	GlobalSection(ExtensibilityGlobals) = postSolution
		SolutionGuid = {BB956548-D070-4C59-A28F-8749DF30F304}
	EndGlobalSection
EndGlobal
